// !$*UTF8*$!
{
	archiveVersion = 1;
	classes = {
	};
	objectVersion = 46;
	objects = {

/* Begin PBXBuildFile section */
		9B05FCF719E47D3300240E42 /* main.m in Sources */ = {isa = PBXBuildFile; fileRef = 9B05FCF619E47D3300240E42 /* main.m */; };
		9B05FCFA19E47D3300240E42 /* AppDelegate.m in Sources */ = {isa = PBXBuildFile; fileRef = 9B05FCF919E47D3300240E42 /* AppDelegate.m */; };
		9B05FCFD19E47D3300240E42 /* ViewController.m in Sources */ = {isa = PBXBuildFile; fileRef = 9B05FCFC19E47D3300240E42 /* ViewController.m */; };
		9B05FD0019E47D3300240E42 /* Main.storyboard in Resources */ = {isa = PBXBuildFile; fileRef = 9B05FCFE19E47D3300240E42 /* Main.storyboard */; };
		9B05FD0219E47D3300240E42 /* Images.xcassets in Resources */ = {isa = PBXBuildFile; fileRef = 9B05FD0119E47D3300240E42 /* Images.xcassets */; };
		9B05FD0519E47D3300240E42 /* LaunchScreen.xib in Resources */ = {isa = PBXBuildFile; fileRef = 9B05FD0319E47D3300240E42 /* LaunchScreen.xib */; };
		9B05FD1119E47D3300240E42 /* write_to_fileTests.m in Sources */ = {isa = PBXBuildFile; fileRef = 9B05FD1019E47D3300240E42 /* write_to_fileTests.m */; };
		9BBC3D2C19E4813700A2E057 /* ClothingCustomer.m in Sources */ = {isa = PBXBuildFile; fileRef = 9BBC3D2B19E4813700A2E057 /* ClothingCustomer.m */; };
/* End PBXBuildFile section */

/* Begin PBXContainerItemProxy section */
		9B05FD0B19E47D3300240E42 /* PBXContainerItemProxy */ = {
			isa = PBXContainerItemProxy;
			containerPortal = 9B05FCE919E47D3200240E42 /* Project object */;
			proxyType = 1;
			remoteGlobalIDString = 9B05FCF019E47D3300240E42;
			remoteInfo = write_to_file;
		};
/* End PBXContainerItemProxy section */

/* Begin PBXFileReference section */
		9B05FCF119E47D3300240E42 /* write_to_file.app */ = {isa = PBXFileReference; explicitFileType = wrapper.application; includeInIndex = 0; path = write_to_file.app; sourceTree = BUILT_PRODUCTS_DIR; };
		9B05FCF519E47D3300240E42 /* Info.plist */ = {isa = PBXFileReference; lastKnownFileType = text.plist.xml; path = Info.plist; sourceTree = "<group>"; };
		9B05FCF619E47D3300240E42 /* main.m */ = {isa = PBXFileReference; lastKnownFileType = sourcecode.c.objc; path = main.m; sourceTree = "<group>"; };
		9B05FCF819E47D3300240E42 /* AppDelegate.h */ = {isa = PBXFileReference; lastKnownFileType = sourcecode.c.h; path = AppDelegate.h; sourceTree = "<group>"; };
		9B05FCF919E47D3300240E42 /* AppDelegate.m */ = {isa = PBXFileReference; lastKnownFileType = sourcecode.c.objc; path = AppDelegate.m; sourceTree = "<group>"; };
		9B05FCFB19E47D3300240E42 /* ViewController.h */ = {isa = PBXFileReference; lastKnownFileType = sourcecode.c.h; path = ViewController.h; sourceTree = "<group>"; };
		9B05FCFC19E47D3300240E42 /* ViewController.m */ = {isa = PBXFileReference; lastKnownFileType = sourcecode.c.objc; path = ViewController.m; sourceTree = "<group>"; };
		9B05FCFF19E47D3300240E42 /* Base */ = {isa = PBXFileReference; lastKnownFileType = file.storyboard; name = Base; path = Base.lproj/Main.storyboard; sourceTree = "<group>"; };
		9B05FD0119E47D3300240E42 /* Images.xcassets */ = {isa = PBXFileReference; lastKnownFileType = folder.assetcatalog; path = Images.xcassets; sourceTree = "<group>"; };
		9B05FD0419E47D3300240E42 /* Base */ = {isa = PBXFileReference; lastKnownFileType = file.xib; name = Base; path = Base.lproj/LaunchScreen.xib; sourceTree = "<group>"; };
		9B05FD0A19E47D3300240E42 /* write_to_fileTests.xctest */ = {isa = PBXFileReference; explicitFileType = wrapper.cfbundle; includeInIndex = 0; path = write_to_fileTests.xctest; sourceTree = BUILT_PRODUCTS_DIR; };
		9B05FD0F19E47D3300240E42 /* Info.plist */ = {isa = PBXFileReference; lastKnownFileType = text.plist.xml; path = Info.plist; sourceTree = "<group>"; };
		9B05FD1019E47D3300240E42 /* write_to_fileTests.m */ = {isa = PBXFileReference; lastKnownFileType = sourcecode.c.objc; path = write_to_fileTests.m; sourceTree = "<group>"; };
		9BBC3D2A19E4813700A2E057 /* ClothingCustomer.h */ = {isa = PBXFileReference; fileEncoding = 4; lastKnownFileType = sourcecode.c.h; path = ClothingCustomer.h; sourceTree = "<group>"; };
		9BBC3D2B19E4813700A2E057 /* ClothingCustomer.m */ = {isa = PBXFileReference; fileEncoding = 4; lastKnownFileType = sourcecode.c.objc; path = ClothingCustomer.m; sourceTree = "<group>"; };
/* End PBXFileReference section */

/* Begin PBXFrameworksBuildPhase section */
		9B05FCEE19E47D3300240E42 /* Frameworks */ = {
			isa = PBXFrameworksBuildPhase;
			buildActionMask = 2147483647;
			files = (
			);
			runOnlyForDeploymentPostprocessing = 0;
		};
		9B05FD0719E47D3300240E42 /* Frameworks */ = {
			isa = PBXFrameworksBuildPhase;
			buildActionMask = 2147483647;
			files = (
			);
			runOnlyForDeploymentPostprocessing = 0;
		};
/* End PBXFrameworksBuildPhase section */

/* Begin PBXGroup section */
		9B05FCE819E47D3200240E42 = {
			isa = PBXGroup;
			children = (
				9B05FCF319E47D3300240E42 /* write_to_file */,
				9B05FD0D19E47D3300240E42 /* write_to_fileTests */,
				9B05FCF219E47D3300240E42 /* Products */,
			);
			sourceTree = "<group>";
		};
		9B05FCF219E47D3300240E42 /* Products */ = {
			isa = PBXGroup;
			children = (
				9B05FCF119E47D3300240E42 /* write_to_file.app */,
				9B05FD0A19E47D3300240E42 /* write_to_fileTests.xctest */,
			);
			name = Products;
			sourceTree = "<group>";
		};
		9B05FCF319E47D3300240E42 /* write_to_file */ = {
			isa = PBXGroup;
			children = (
				9B05FCF819E47D3300240E42 /* AppDelegate.h */,
				9B05FCF919E47D3300240E42 /* AppDelegate.m */,
				9B05FCFB19E47D3300240E42 /* ViewController.h */,
				9B05FCFC19E47D3300240E42 /* ViewController.m */,
				9BBC3D2A19E4813700A2E057 /* ClothingCustomer.h */,
				9BBC3D2B19E4813700A2E057 /* ClothingCustomer.m */,
				9B05FCFE19E47D3300240E42 /* Main.storyboard */,
				9B05FD0119E47D3300240E42 /* Images.xcassets */,
				9B05FD0319E47D3300240E42 /* LaunchScreen.xib */,
				9B05FCF419E47D3300240E42 /* Supporting Files */,
			);
			path = write_to_file;
			sourceTree = "<group>";
		};
		9B05FCF419E47D3300240E42 /* Supporting Files */ = {
			isa = PBXGroup;
			children = (
				9B05FCF519E47D3300240E42 /* Info.plist */,
				9B05FCF619E47D3300240E42 /* main.m */,
			);
			name = "Supporting Files";
			sourceTree = "<group>";
		};
		9B05FD0D19E47D3300240E42 /* write_to_fileTests */ = {
			isa = PBXGroup;
			children = (
				9B05FD1019E47D3300240E42 /* write_to_fileTests.m */,
				9B05FD0E19E47D3300240E42 /* Supporting Files */,
			);
			path = write_to_fileTests;
			sourceTree = "<group>";
		};
		9B05FD0E19E47D3300240E42 /* Supporting Files */ = {
			isa = PBXGroup;
			children = (
				9B05FD0F19E47D3300240E42 /* Info.plist */,
			);
			name = "Supporting Files";
			sourceTree = "<group>";
		};
/* End PBXGroup section */

/* Begin PBXNativeTarget section */
		9B05FCF019E47D3300240E42 /* write_to_file */ = {
			isa = PBXNativeTarget;
			buildConfigurationList = 9B05FD1419E47D3300240E42 /* Build configuration list for PBXNativeTarget "write_to_file" */;
			buildPhases = (
				9B05FCED19E47D3300240E42 /* Sources */,
				9B05FCEE19E47D3300240E42 /* Frameworks */,
				9B05FCEF19E47D3300240E42 /* Resources */,
			);
			buildRules = (
			);
			dependencies = (
			);
			name = write_to_file;
			productName = write_to_file;
			productReference = 9B05FCF119E47D3300240E42 /* write_to_file.app */;
			productType = "com.apple.product-type.application";
		};
		9B05FD0919E47D3300240E42 /* write_to_fileTests */ = {
			isa = PBXNativeTarget;
			buildConfigurationList = 9B05FD1719E47D3300240E42 /* Build configuration list for PBXNativeTarget "write_to_fileTests" */;
			buildPhases = (
				9B05FD0619E47D3300240E42 /* Sources */,
				9B05FD0719E47D3300240E42 /* Frameworks */,
				9B05FD0819E47D3300240E42 /* Resources */,
			);
			buildRules = (
			);
			dependencies = (
				9B05FD0C19E47D3300240E42 /* PBXTargetDependency */,
			);
			name = write_to_fileTests;
			productName = write_to_fileTests;
			productReference = 9B05FD0A19E47D3300240E42 /* write_to_fileTests.xctest */;
			productType = "com.apple.product-type.bundle.unit-test";
		};
/* End PBXNativeTarget section */

/* Begin PBXProject section */
		9B05FCE919E47D3200240E42 /* Project object */ = {
			isa = PBXProject;
			attributes = {
				LastUpgradeCheck = 0600;
				ORGANIZATIONNAME = "Lee Barney";
				TargetAttributes = {
					9B05FCF019E47D3300240E42 = {
						CreatedOnToolsVersion = 6.0.1;
					};
					9B05FD0919E47D3300240E42 = {
						CreatedOnToolsVersion = 6.0.1;
						TestTargetID = 9B05FCF019E47D3300240E42;
					};
				};
			};
			buildConfigurationList = 9B05FCEC19E47D3200240E42 /* Build configuration list for PBXProject "write_to_file" */;
			compatibilityVersion = "Xcode 3.2";
			developmentRegion = English;
			hasScannedForEncodings = 0;
			knownRegions = (
				en,
				Base,
			);
			mainGroup = 9B05FCE819E47D3200240E42;
			productRefGroup = 9B05FCF219E47D3300240E42 /* Products */;
			projectDirPath = "";
			projectRoot = "";
			targets = (
				9B05FCF019E47D3300240E42 /* write_to_file */,
				9B05FD0919E47D3300240E42 /* write_to_fileTests */,
			);
		};
/* End PBXProject section */

/* Begin PBXResourcesBuildPhase section */
		9B05FCEF19E47D3300240E42 /* Resources */ = {
			isa = PBXResourcesBuildPhase;
			buildActionMask = 2147483647;
			files = (
				9B05FD0019E47D3300240E42 /* Main.storyboard in Resources */,
				9B05FD0519E47D3300240E42 /* LaunchScreen.xib in Resources */,
				9B05FD0219E47D3300240E42 /* Images.xcassets in Resources */,
			);
			runOnlyForDeploymentPostprocessing = 0;
		};
		9B05FD0819E47D3300240E42 /* Resources */ = {
			isa = PBXResourcesBuildPhase;
			buildActionMask = 2147483647;
			files = (
			);
			runOnlyForDeploymentPostprocessing = 0;
		};
/* End PBXResourcesBuildPhase section */

/* Begin PBXSourcesBuildPhase section */
		9B05FCED19E47D3300240E42 /* Sources */ = {
			isa = PBXSourcesBuildPhase;
			buildActionMask = 2147483647;
			files = (
				9B05FCFD19E47D3300240E42 /* ViewController.m in Sources */,
				9B05FCFA19E47D3300240E42 /* AppDelegate.m in Sources */,
				9B05FCF719E47D3300240E42 /* main.m in Sources */,
				9BBC3D2C19E4813700A2E057 /* ClothingCustomer.m in Sources */,
			);
			runOnlyForDeploymentPostprocessing = 0;
		};
		9B05FD0619E47D3300240E42 /* Sources */ = {
			isa = PBXSourcesBuildPhase;
			buildActionMask = 2147483647;
			files = (
				9B05FD1119E47D3300240E42 /* write_to_fileTests.m in Sources */,
			);
			runOnlyForDeploymentPostprocessing = 0;
		};
/* End PBXSourcesBuildPhase section */

/* Begin PBXTargetDependency section */
		9B05FD0C19E47D3300240E42 /* PBXTargetDependency */ = {
			isa = PBXTargetDependency;
			target = 9B05FCF019E47D3300240E42 /* write_to_file */;
			targetProxy = 9B05FD0B19E47D3300240E42 /* PBXContainerItemProxy */;
		};
/* End PBXTargetDependency section */

/* Begin PBXVariantGroup section */
		9B05FCFE19E47D3300240E42 /* Main.storyboard */ = {
			isa = PBXVariantGroup;
			children = (
				9B05FCFF19E47D3300240E42 /* Base */,
			);
			name = Main.storyboard;
			sourceTree = "<group>";
		};
		9B05FD0319E47D3300240E42 /* LaunchScreen.xib */ = {
			isa = PBXVariantGroup;
			children = (
				9B05FD0419E47D3300240E42 /* Base */,
			);
			name = LaunchScreen.xib;
			sourceTree = "<group>";
		};
/* End PBXVariantGroup section */

/* Begin XCBuildConfiguration section */
		9B05FD1219E47D3300240E42 /* Debug */ = {
			isa = XCBuildConfiguration;
			buildSettings = {
				ALWAYS_SEARCH_USER_PATHS = NO;
				CLANG_CXX_LANGUAGE_STANDARD = "gnu++0x";
				CLANG_CXX_LIBRARY = "libc++";
				CLANG_ENABLE_MODULES = YES;
				CLANG_ENABLE_OBJC_ARC = YES;
				CLANG_WARN_BOOL_CONVERSION = YES;
				CLANG_WARN_CONSTANT_CONVERSION = YES;
				CLANG_WARN_DIRECT_OBJC_ISA_USAGE = YES_ERROR;
				CLANG_WARN_EMPTY_BODY = YES;
				CLANG_WARN_ENUM_CONVERSION = YES;
				CLANG_WARN_INT_CONVERSION = YES;
				CLANG_WARN_OBJC_ROOT_CLASS = YES_ERROR;
				CLANG_WARN_UNREACHABLE_CODE = YES;
				CLANG_WARN__DUPLICATE_METHOD_MATCH = YES;
				"CODE_SIGN_IDENTITY[sdk=iphoneos*]" = "iPhone Developer";
				COPY_PHASE_STRIP = NO;
				ENABLE_STRICT_OBJC_MSGSEND = YES;
				GCC_C_LANGUAGE_STANDARD = gnu99;
				GCC_DYNAMIC_NO_PIC = NO;
				GCC_OPTIMIZATION_LEVEL = 0;
				GCC_PREPROCESSOR_DEFINITIONS = (
					"DEBUG=1",
					"$(inherited)",
				);
				GCC_SYMBOLS_PRIVATE_EXTERN = NO;
				GCC_WARN_64_TO_32_BIT_CONVERSION = YES;
				GCC_WARN_ABOUT_RETURN_TYPE = YES_ERROR;
				GCC_WARN_UNDECLARED_SELECTOR = YES;
				GCC_WARN_UNINITIALIZED_AUTOS = YES_AGGRESSIVE;
				GCC_WARN_UNUSED_FUNCTION = YES;
				GCC_WARN_UNUSED_VARIABLE = YES;
				IPHONEOS_DEPLOYMENT_TARGET = 8.0;
				MTL_ENABLE_DEBUG_INFO = YES;
				ONLY_ACTIVE_ARCH = YES;
				SDKROOT = iphoneos;
			};
			name = Debug;
		};
		9B05FD1319E47D3300240E42 /* Release */ = {
			isa = XCBuildConfiguration;
			buildSettings = {
				ALWAYS_SEARCH_USER_PATHS = NO;
				CLANG_CXX_LANGUAGE_STANDARD = "gnu++0x";
				CLANG_CXX_LIBRARY = "libc++";
				CLANG_ENABLE_MODULES = YES;
				CLANG_ENABLE_OBJC_ARC = YES;
				CLANG_WARN_BOOL_CONVERSION = YES;
				CLANG_WARN_CONSTANT_CONVERSION = YES;
				CLANG_WARN_DIRECT_OBJC_ISA_USAGE = YES_ERROR;
				CLANG_WARN_EMPTY_BODY = YES;
				CLANG_WARN_ENUM_CONVERSION = YES;
				CLANG_WARN_INT_CONVERSION = YES;
				CLANG_WARN_OBJC_ROOT_CLASS = YES_ERROR;
				CLANG_WARN_UNREACHABLE_CODE = YES;
				CLANG_WARN__DUPLICATE_METHOD_MATCH = YES;
				"CODE_SIGN_IDENTITY[sdk=iphoneos*]" = "iPhone Developer";
				COPY_PHASE_STRIP = YES;
				ENABLE_NS_ASSERTIONS = NO;
				ENABLE_STRICT_OBJC_MSGSEND = YES;
				GCC_C_LANGUAGE_STANDARD = gnu99;
				GCC_WARN_64_TO_32_BIT_CONVERSION = YES;
				GCC_WARN_ABOUT_RETURN_TYPE = YES_ERROR;
				GCC_WARN_UNDECLARED_SELECTOR = YES;
				GCC_WARN_UNINITIALIZED_AUTOS = YES_AGGRESSIVE;
				GCC_WARN_UNUSED_FUNCTION = YES;
				GCC_WARN_UNUSED_VARIABLE = YES;
				IPHONEOS_DEPLOYMENT_TARGET = 8.0;
				MTL_ENABLE_DEBUG_INFO = NO;
				SDKROOT = iphoneos;
				VALIDATE_PRODUCT = YES;
			};
			name = Release;
		};
		9B05FD1519E47D3300240E42 /* Debug */ = {
			isa = XCBuildConfiguration;
			buildSettings = {
				ASSETCATALOG_COMPILER_APPICON_NAME = AppIcon;
				INFOPLIST_FILE = write_to_file/Info.plist;
				LD_RUNPATH_SEARCH_PATHS = "$(inherited) @executable_path/Frameworks";
				PRODUCT_NAME = "$(TARGET_NAME)";
			};
			name = Debug;
		};
		9B05FD1619E47D3300240E42 /* Release */ = {
			isa = XCBuildConfiguration;
			buildSettings = {
				ASSETCATALOG_COMPILER_APPICON_NAME = AppIcon;
				INFOPLIST_FILE = write_to_file/Info.plist;
				LD_RUNPATH_SEARCH_PATHS = "$(inherited) @executable_path/Frameworks";
				PRODUCT_NAME = "$(TARGET_NAME)";
			};
			name = Release;
		};
		9B05FD1819E47D3300240E42 /* Debug */ = {
			isa = XCBuildConfiguration;
			buildSettings = {
				BUNDLE_LOADER = "$(TEST_HOST)";
				FRAMEWORK_SEARCH_PATHS = (
					"$(SDKROOT)/Developer/Library/Frameworks",
					"$(inherited)",
				);
				GCC_PREPROCESSOR_DEFINITIONS = (
					"DEBUG=1",
					"$(inherited)",
				);
				INFOPLIST_FILE = write_to_fileTests/Info.plist;
				LD_RUNPATH_SEARCH_PATHS = "$(inherited) @executable_path/Frameworks @loader_path/Frameworks";
				PRODUCT_NAME = "$(TARGET_NAME)";
				TEST_HOST = "$(BUILT_PRODUCTS_DIR)/write_to_file.app/write_to_file";
			};
			name = Debug;
		};
		9B05FD1919E47D3300240E42 /* Release */ = {
			isa = XCBuildConfiguration;
			buildSettings = {
				BUNDLE_LOADER = "$(TEST_HOST)";
				FRAMEWORK_SEARCH_PATHS = (
					"$(SDKROOT)/Developer/Library/Frameworks",
					"$(inherited)",
				);
				INFOPLIST_FILE = write_to_fileTests/Info.plist;
				LD_RUNPATH_SEARCH_PATHS = "$(inherited) @executable_path/Frameworks @loader_path/Frameworks";
				PRODUCT_NAME = "$(TARGET_NAME)";
				TEST_HOST = "$(BUILT_PRODUCTS_DIR)/write_to_file.app/write_to_file";
			};
			name = Release;
		};
/* End XCBuildConfiguration section */

/* Begin XCConfigurationList section */
		9B05FCEC19E47D3200240E42 /* Build configuration list for PBXProject "write_to_file" */ = {
			isa = XCConfigurationList;
			buildConfigurations = (
				9B05FD1219E47D3300240E42 /* Debug */,
				9B05FD1319E47D3300240E42 /* Release */,
			);
			defaultConfigurationIsVisible = 0;
			defaultConfigurationName = Release;
		};
		9B05FD1419E47D3300240E42 /* Build configuration list for PBXNativeTarget "write_to_file" */ = {
			isa = XCConfigurationList;
			buildConfigurations = (
				9B05FD1519E47D3300240E42 /* Debug */,
				9B05FD1619E47D3300240E42 /* Release */,
			);
			defaultConfigurationIsVisible = 0;
			defaultConfigurationName = Release;
		};
		9B05FD1719E47D3300240E42 /* Build configuration list for PBXNativeTarget "write_to_fileTests" */ = {
			isa = XCConfigurationList;
			buildConfigurations = (
				9B05FD1819E47D3300240E42 /* Debug */,
				9B05FD1919E47D3300240E42 /* Release */,
			);
			defaultConfigurationIsVisible = 0;
			defaultConfigurationName = Release;
		};
/* End XCConfigurationList section */
	};
	rootObject = 9B05FCE919E47D3200240E42 /* Project object */;
}
