// !$*UTF8*$!
{
	archiveVersion = 1;
	classes = {
	};
	objectVersion = 46;
	objects = {

/* Begin PBXBuildFile section */
		9B66C35919DD8D8400F39C2B /* main.m in Sources */ = {isa = PBXBuildFile; fileRef = 9B66C35819DD8D8400F39C2B /* main.m */; };
		9B66C35C19DD8D8400F39C2B /* AppDelegate.m in Sources */ = {isa = PBXBuildFile; fileRef = 9B66C35B19DD8D8400F39C2B /* AppDelegate.m */; };
		9B66C35F19DD8D8400F39C2B /* ViewController.m in Sources */ = {isa = PBXBuildFile; fileRef = 9B66C35E19DD8D8400F39C2B /* ViewController.m */; };
		9B66C36219DD8D8400F39C2B /* Main.storyboard in Resources */ = {isa = PBXBuildFile; fileRef = 9B66C36019DD8D8400F39C2B /* Main.storyboard */; };
		9B66C36419DD8D8400F39C2B /* Images.xcassets in Resources */ = {isa = PBXBuildFile; fileRef = 9B66C36319DD8D8400F39C2B /* Images.xcassets */; };
		9B66C36719DD8D8400F39C2B /* LaunchScreen.xib in Resources */ = {isa = PBXBuildFile; fileRef = 9B66C36519DD8D8400F39C2B /* LaunchScreen.xib */; };
		9B66C37319DD8D8500F39C2B /* fraction_choices2Tests.m in Sources */ = {isa = PBXBuildFile; fileRef = 9B66C37219DD8D8500F39C2B /* fraction_choices2Tests.m */; };
/* End PBXBuildFile section */

/* Begin PBXContainerItemProxy section */
		9B66C36D19DD8D8500F39C2B /* PBXContainerItemProxy */ = {
			isa = PBXContainerItemProxy;
			containerPortal = 9B66C34B19DD8D8400F39C2B /* Project object */;
			proxyType = 1;
			remoteGlobalIDString = 9B66C35219DD8D8400F39C2B;
			remoteInfo = fraction_choices2;
		};
/* End PBXContainerItemProxy section */

/* Begin PBXFileReference section */
		9B66C35319DD8D8400F39C2B /* fraction_choices2.app */ = {isa = PBXFileReference; explicitFileType = wrapper.application; includeInIndex = 0; path = fraction_choices2.app; sourceTree = BUILT_PRODUCTS_DIR; };
		9B66C35719DD8D8400F39C2B /* Info.plist */ = {isa = PBXFileReference; lastKnownFileType = text.plist.xml; path = Info.plist; sourceTree = "<group>"; };
		9B66C35819DD8D8400F39C2B /* main.m */ = {isa = PBXFileReference; lastKnownFileType = sourcecode.c.objc; path = main.m; sourceTree = "<group>"; };
		9B66C35A19DD8D8400F39C2B /* AppDelegate.h */ = {isa = PBXFileReference; lastKnownFileType = sourcecode.c.h; path = AppDelegate.h; sourceTree = "<group>"; };
		9B66C35B19DD8D8400F39C2B /* AppDelegate.m */ = {isa = PBXFileReference; lastKnownFileType = sourcecode.c.objc; path = AppDelegate.m; sourceTree = "<group>"; };
		9B66C35D19DD8D8400F39C2B /* ViewController.h */ = {isa = PBXFileReference; lastKnownFileType = sourcecode.c.h; path = ViewController.h; sourceTree = "<group>"; };
		9B66C35E19DD8D8400F39C2B /* ViewController.m */ = {isa = PBXFileReference; lastKnownFileType = sourcecode.c.objc; path = ViewController.m; sourceTree = "<group>"; };
		9B66C36119DD8D8400F39C2B /* Base */ = {isa = PBXFileReference; lastKnownFileType = file.storyboard; name = Base; path = Base.lproj/Main.storyboard; sourceTree = "<group>"; };
		9B66C36319DD8D8400F39C2B /* Images.xcassets */ = {isa = PBXFileReference; lastKnownFileType = folder.assetcatalog; path = Images.xcassets; sourceTree = "<group>"; };
		9B66C36619DD8D8400F39C2B /* Base */ = {isa = PBXFileReference; lastKnownFileType = file.xib; name = Base; path = Base.lproj/LaunchScreen.xib; sourceTree = "<group>"; };
		9B66C36C19DD8D8500F39C2B /* fraction_choices2Tests.xctest */ = {isa = PBXFileReference; explicitFileType = wrapper.cfbundle; includeInIndex = 0; path = fraction_choices2Tests.xctest; sourceTree = BUILT_PRODUCTS_DIR; };
		9B66C37119DD8D8500F39C2B /* Info.plist */ = {isa = PBXFileReference; lastKnownFileType = text.plist.xml; path = Info.plist; sourceTree = "<group>"; };
		9B66C37219DD8D8500F39C2B /* fraction_choices2Tests.m */ = {isa = PBXFileReference; lastKnownFileType = sourcecode.c.objc; path = fraction_choices2Tests.m; sourceTree = "<group>"; };
/* End PBXFileReference section */

/* Begin PBXFrameworksBuildPhase section */
		9B66C35019DD8D8400F39C2B /* Frameworks */ = {
			isa = PBXFrameworksBuildPhase;
			buildActionMask = 2147483647;
			files = (
			);
			runOnlyForDeploymentPostprocessing = 0;
		};
		9B66C36919DD8D8500F39C2B /* Frameworks */ = {
			isa = PBXFrameworksBuildPhase;
			buildActionMask = 2147483647;
			files = (
			);
			runOnlyForDeploymentPostprocessing = 0;
		};
/* End PBXFrameworksBuildPhase section */

/* Begin PBXGroup section */
		9B66C34A19DD8D8400F39C2B = {
			isa = PBXGroup;
			children = (
				9B66C35519DD8D8400F39C2B /* fraction_choices2 */,
				9B66C36F19DD8D8500F39C2B /* fraction_choices2Tests */,
				9B66C35419DD8D8400F39C2B /* Products */,
			);
			sourceTree = "<group>";
		};
		9B66C35419DD8D8400F39C2B /* Products */ = {
			isa = PBXGroup;
			children = (
				9B66C35319DD8D8400F39C2B /* fraction_choices2.app */,
				9B66C36C19DD8D8500F39C2B /* fraction_choices2Tests.xctest */,
			);
			name = Products;
			sourceTree = "<group>";
		};
		9B66C35519DD8D8400F39C2B /* fraction_choices2 */ = {
			isa = PBXGroup;
			children = (
				9B66C35A19DD8D8400F39C2B /* AppDelegate.h */,
				9B66C35B19DD8D8400F39C2B /* AppDelegate.m */,
				9B66C35D19DD8D8400F39C2B /* ViewController.h */,
				9B66C35E19DD8D8400F39C2B /* ViewController.m */,
				9B66C36019DD8D8400F39C2B /* Main.storyboard */,
				9B66C36319DD8D8400F39C2B /* Images.xcassets */,
				9B66C36519DD8D8400F39C2B /* LaunchScreen.xib */,
				9B66C35619DD8D8400F39C2B /* Supporting Files */,
			);
			path = fraction_choices2;
			sourceTree = "<group>";
		};
		9B66C35619DD8D8400F39C2B /* Supporting Files */ = {
			isa = PBXGroup;
			children = (
				9B66C35719DD8D8400F39C2B /* Info.plist */,
				9B66C35819DD8D8400F39C2B /* main.m */,
			);
			name = "Supporting Files";
			sourceTree = "<group>";
		};
		9B66C36F19DD8D8500F39C2B /* fraction_choices2Tests */ = {
			isa = PBXGroup;
			children = (
				9B66C37219DD8D8500F39C2B /* fraction_choices2Tests.m */,
				9B66C37019DD8D8500F39C2B /* Supporting Files */,
			);
			path = fraction_choices2Tests;
			sourceTree = "<group>";
		};
		9B66C37019DD8D8500F39C2B /* Supporting Files */ = {
			isa = PBXGroup;
			children = (
				9B66C37119DD8D8500F39C2B /* Info.plist */,
			);
			name = "Supporting Files";
			sourceTree = "<group>";
		};
/* End PBXGroup section */

/* Begin PBXNativeTarget section */
		9B66C35219DD8D8400F39C2B /* fraction_choices2 */ = {
			isa = PBXNativeTarget;
			buildConfigurationList = 9B66C37619DD8D8500F39C2B /* Build configuration list for PBXNativeTarget "fraction_choices2" */;
			buildPhases = (
				9B66C34F19DD8D8400F39C2B /* Sources */,
				9B66C35019DD8D8400F39C2B /* Frameworks */,
				9B66C35119DD8D8400F39C2B /* Resources */,
			);
			buildRules = (
			);
			dependencies = (
			);
			name = fraction_choices2;
			productName = fraction_choices2;
			productReference = 9B66C35319DD8D8400F39C2B /* fraction_choices2.app */;
			productType = "com.apple.product-type.application";
		};
		9B66C36B19DD8D8500F39C2B /* fraction_choices2Tests */ = {
			isa = PBXNativeTarget;
			buildConfigurationList = 9B66C37919DD8D8500F39C2B /* Build configuration list for PBXNativeTarget "fraction_choices2Tests" */;
			buildPhases = (
				9B66C36819DD8D8500F39C2B /* Sources */,
				9B66C36919DD8D8500F39C2B /* Frameworks */,
				9B66C36A19DD8D8500F39C2B /* Resources */,
			);
			buildRules = (
			);
			dependencies = (
				9B66C36E19DD8D8500F39C2B /* PBXTargetDependency */,
			);
			name = fraction_choices2Tests;
			productName = fraction_choices2Tests;
			productReference = 9B66C36C19DD8D8500F39C2B /* fraction_choices2Tests.xctest */;
			productType = "com.apple.product-type.bundle.unit-test";
		};
/* End PBXNativeTarget section */

/* Begin PBXProject section */
		9B66C34B19DD8D8400F39C2B /* Project object */ = {
			isa = PBXProject;
			attributes = {
				LastUpgradeCheck = 0600;
				ORGANIZATIONNAME = "Lee Barney";
				TargetAttributes = {
					9B66C35219DD8D8400F39C2B = {
						CreatedOnToolsVersion = 6.0.1;
					};
					9B66C36B19DD8D8500F39C2B = {
						CreatedOnToolsVersion = 6.0.1;
						TestTargetID = 9B66C35219DD8D8400F39C2B;
					};
				};
			};
			buildConfigurationList = 9B66C34E19DD8D8400F39C2B /* Build configuration list for PBXProject "fraction_choices2" */;
			compatibilityVersion = "Xcode 3.2";
			developmentRegion = English;
			hasScannedForEncodings = 0;
			knownRegions = (
				en,
				Base,
			);
			mainGroup = 9B66C34A19DD8D8400F39C2B;
			productRefGroup = 9B66C35419DD8D8400F39C2B /* Products */;
			projectDirPath = "";
			projectRoot = "";
			targets = (
				9B66C35219DD8D8400F39C2B /* fraction_choices2 */,
				9B66C36B19DD8D8500F39C2B /* fraction_choices2Tests */,
			);
		};
/* End PBXProject section */

/* Begin PBXResourcesBuildPhase section */
		9B66C35119DD8D8400F39C2B /* Resources */ = {
			isa = PBXResourcesBuildPhase;
			buildActionMask = 2147483647;
			files = (
				9B66C36219DD8D8400F39C2B /* Main.storyboard in Resources */,
				9B66C36719DD8D8400F39C2B /* LaunchScreen.xib in Resources */,
				9B66C36419DD8D8400F39C2B /* Images.xcassets in Resources */,
			);
			runOnlyForDeploymentPostprocessing = 0;
		};
		9B66C36A19DD8D8500F39C2B /* Resources */ = {
			isa = PBXResourcesBuildPhase;
			buildActionMask = 2147483647;
			files = (
			);
			runOnlyForDeploymentPostprocessing = 0;
		};
/* End PBXResourcesBuildPhase section */

/* Begin PBXSourcesBuildPhase section */
		9B66C34F19DD8D8400F39C2B /* Sources */ = {
			isa = PBXSourcesBuildPhase;
			buildActionMask = 2147483647;
			files = (
				9B66C35F19DD8D8400F39C2B /* ViewController.m in Sources */,
				9B66C35C19DD8D8400F39C2B /* AppDelegate.m in Sources */,
				9B66C35919DD8D8400F39C2B /* main.m in Sources */,
			);
			runOnlyForDeploymentPostprocessing = 0;
		};
		9B66C36819DD8D8500F39C2B /* Sources */ = {
			isa = PBXSourcesBuildPhase;
			buildActionMask = 2147483647;
			files = (
				9B66C37319DD8D8500F39C2B /* fraction_choices2Tests.m in Sources */,
			);
			runOnlyForDeploymentPostprocessing = 0;
		};
/* End PBXSourcesBuildPhase section */

/* Begin PBXTargetDependency section */
		9B66C36E19DD8D8500F39C2B /* PBXTargetDependency */ = {
			isa = PBXTargetDependency;
			target = 9B66C35219DD8D8400F39C2B /* fraction_choices2 */;
			targetProxy = 9B66C36D19DD8D8500F39C2B /* PBXContainerItemProxy */;
		};
/* End PBXTargetDependency section */

/* Begin PBXVariantGroup section */
		9B66C36019DD8D8400F39C2B /* Main.storyboard */ = {
			isa = PBXVariantGroup;
			children = (
				9B66C36119DD8D8400F39C2B /* Base */,
			);
			name = Main.storyboard;
			sourceTree = "<group>";
		};
		9B66C36519DD8D8400F39C2B /* LaunchScreen.xib */ = {
			isa = PBXVariantGroup;
			children = (
				9B66C36619DD8D8400F39C2B /* Base */,
			);
			name = LaunchScreen.xib;
			sourceTree = "<group>";
		};
/* End PBXVariantGroup section */

/* Begin XCBuildConfiguration section */
		9B66C37419DD8D8500F39C2B /* Debug */ = {
			isa = XCBuildConfiguration;
			buildSettings = {
				ALWAYS_SEARCH_USER_PATHS = NO;
				CLANG_CXX_LANGUAGE_STANDARD = "gnu++0x";
				CLANG_CXX_LIBRARY = "libc++";
				CLANG_ENABLE_MODULES = YES;
				CLANG_ENABLE_OBJC_ARC = YES;
				CLANG_WARN_BOOL_CONVERSION = YES;
				CLANG_WARN_CONSTANT_CONVERSION = YES;
				CLANG_WARN_DIRECT_OBJC_ISA_USAGE = YES_ERROR;
				CLANG_WARN_EMPTY_BODY = YES;
				CLANG_WARN_ENUM_CONVERSION = YES;
				CLANG_WARN_INT_CONVERSION = YES;
				CLANG_WARN_OBJC_ROOT_CLASS = YES_ERROR;
				CLANG_WARN_UNREACHABLE_CODE = YES;
				CLANG_WARN__DUPLICATE_METHOD_MATCH = YES;
				"CODE_SIGN_IDENTITY[sdk=iphoneos*]" = "iPhone Developer";
				COPY_PHASE_STRIP = NO;
				ENABLE_STRICT_OBJC_MSGSEND = YES;
				GCC_C_LANGUAGE_STANDARD = gnu99;
				GCC_DYNAMIC_NO_PIC = NO;
				GCC_OPTIMIZATION_LEVEL = 0;
				GCC_PREPROCESSOR_DEFINITIONS = (
					"DEBUG=1",
					"$(inherited)",
				);
				GCC_SYMBOLS_PRIVATE_EXTERN = NO;
				GCC_WARN_64_TO_32_BIT_CONVERSION = YES;
				GCC_WARN_ABOUT_RETURN_TYPE = YES_ERROR;
				GCC_WARN_UNDECLARED_SELECTOR = YES;
				GCC_WARN_UNINITIALIZED_AUTOS = YES_AGGRESSIVE;
				GCC_WARN_UNUSED_FUNCTION = YES;
				GCC_WARN_UNUSED_VARIABLE = YES;
				IPHONEOS_DEPLOYMENT_TARGET = 8.0;
				MTL_ENABLE_DEBUG_INFO = YES;
				ONLY_ACTIVE_ARCH = YES;
				SDKROOT = iphoneos;
			};
			name = Debug;
		};
		9B66C37519DD8D8500F39C2B /* Release */ = {
			isa = XCBuildConfiguration;
			buildSettings = {
				ALWAYS_SEARCH_USER_PATHS = NO;
				CLANG_CXX_LANGUAGE_STANDARD = "gnu++0x";
				CLANG_CXX_LIBRARY = "libc++";
				CLANG_ENABLE_MODULES = YES;
				CLANG_ENABLE_OBJC_ARC = YES;
				CLANG_WARN_BOOL_CONVERSION = YES;
				CLANG_WARN_CONSTANT_CONVERSION = YES;
				CLANG_WARN_DIRECT_OBJC_ISA_USAGE = YES_ERROR;
				CLANG_WARN_EMPTY_BODY = YES;
				CLANG_WARN_ENUM_CONVERSION = YES;
				CLANG_WARN_INT_CONVERSION = YES;
				CLANG_WARN_OBJC_ROOT_CLASS = YES_ERROR;
				CLANG_WARN_UNREACHABLE_CODE = YES;
				CLANG_WARN__DUPLICATE_METHOD_MATCH = YES;
				"CODE_SIGN_IDENTITY[sdk=iphoneos*]" = "iPhone Developer";
				COPY_PHASE_STRIP = YES;
				ENABLE_NS_ASSERTIONS = NO;
				ENABLE_STRICT_OBJC_MSGSEND = YES;
				GCC_C_LANGUAGE_STANDARD = gnu99;
				GCC_WARN_64_TO_32_BIT_CONVERSION = YES;
				GCC_WARN_ABOUT_RETURN_TYPE = YES_ERROR;
				GCC_WARN_UNDECLARED_SELECTOR = YES;
				GCC_WARN_UNINITIALIZED_AUTOS = YES_AGGRESSIVE;
				GCC_WARN_UNUSED_FUNCTION = YES;
				GCC_WARN_UNUSED_VARIABLE = YES;
				IPHONEOS_DEPLOYMENT_TARGET = 8.0;
				MTL_ENABLE_DEBUG_INFO = NO;
				SDKROOT = iphoneos;
				VALIDATE_PRODUCT = YES;
			};
			name = Release;
		};
		9B66C37719DD8D8500F39C2B /* Debug */ = {
			isa = XCBuildConfiguration;
			buildSettings = {
				ASSETCATALOG_COMPILER_APPICON_NAME = AppIcon;
				INFOPLIST_FILE = fraction_choices2/Info.plist;
				LD_RUNPATH_SEARCH_PATHS = "$(inherited) @executable_path/Frameworks";
				PRODUCT_NAME = "$(TARGET_NAME)";
			};
			name = Debug;
		};
		9B66C37819DD8D8500F39C2B /* Release */ = {
			isa = XCBuildConfiguration;
			buildSettings = {
				ASSETCATALOG_COMPILER_APPICON_NAME = AppIcon;
				INFOPLIST_FILE = fraction_choices2/Info.plist;
				LD_RUNPATH_SEARCH_PATHS = "$(inherited) @executable_path/Frameworks";
				PRODUCT_NAME = "$(TARGET_NAME)";
			};
			name = Release;
		};
		9B66C37A19DD8D8500F39C2B /* Debug */ = {
			isa = XCBuildConfiguration;
			buildSettings = {
				BUNDLE_LOADER = "$(TEST_HOST)";
				FRAMEWORK_SEARCH_PATHS = (
					"$(SDKROOT)/Developer/Library/Frameworks",
					"$(inherited)",
				);
				GCC_PREPROCESSOR_DEFINITIONS = (
					"DEBUG=1",
					"$(inherited)",
				);
				INFOPLIST_FILE = fraction_choices2Tests/Info.plist;
				LD_RUNPATH_SEARCH_PATHS = "$(inherited) @executable_path/Frameworks @loader_path/Frameworks";
				PRODUCT_NAME = "$(TARGET_NAME)";
				TEST_HOST = "$(BUILT_PRODUCTS_DIR)/fraction_choices2.app/fraction_choices2";
			};
			name = Debug;
		};
		9B66C37B19DD8D8500F39C2B /* Release */ = {
			isa = XCBuildConfiguration;
			buildSettings = {
				BUNDLE_LOADER = "$(TEST_HOST)";
				FRAMEWORK_SEARCH_PATHS = (
					"$(SDKROOT)/Developer/Library/Frameworks",
					"$(inherited)",
				);
				INFOPLIST_FILE = fraction_choices2Tests/Info.plist;
				LD_RUNPATH_SEARCH_PATHS = "$(inherited) @executable_path/Frameworks @loader_path/Frameworks";
				PRODUCT_NAME = "$(TARGET_NAME)";
				TEST_HOST = "$(BUILT_PRODUCTS_DIR)/fraction_choices2.app/fraction_choices2";
			};
			name = Release;
		};
/* End XCBuildConfiguration section */

/* Begin XCConfigurationList section */
		9B66C34E19DD8D8400F39C2B /* Build configuration list for PBXProject "fraction_choices2" */ = {
			isa = XCConfigurationList;
			buildConfigurations = (
				9B66C37419DD8D8500F39C2B /* Debug */,
				9B66C37519DD8D8500F39C2B /* Release */,
			);
			defaultConfigurationIsVisible = 0;
			defaultConfigurationName = Release;
		};
		9B66C37619DD8D8500F39C2B /* Build configuration list for PBXNativeTarget "fraction_choices2" */ = {
			isa = XCConfigurationList;
			buildConfigurations = (
				9B66C37719DD8D8500F39C2B /* Debug */,
				9B66C37819DD8D8500F39C2B /* Release */,
			);
			defaultConfigurationIsVisible = 0;
		};
		9B66C37919DD8D8500F39C2B /* Build configuration list for PBXNativeTarget "fraction_choices2Tests" */ = {
			isa = XCConfigurationList;
			buildConfigurations = (
				9B66C37A19DD8D8500F39C2B /* Debug */,
				9B66C37B19DD8D8500F39C2B /* Release */,
			);
			defaultConfigurationIsVisible = 0;
		};
/* End XCConfigurationList section */
	};
	rootObject = 9B66C34B19DD8D8400F39C2B /* Project object */;
}
